
Microsoft Visual Studio Solution File, Format Version 12.00
# Visual Studio Version 17
VisualStudioVersion = 17.4.33213.308
MinimumVisualStudioVersion = 10.0.40219.1
Project("{FAE04EC0-301F-11D3-BF4B-00C04F79EFBC}") = "task_Queue", "task_Queue\task_Queue.csproj", "{A6E640CE-3141-46C8-960C-6F022E68BF23}"
EndProject
Global
	GlobalSection(SolutionConfigurationPlatforms) = preSolution
		Debug|Any CPU = Debug|Any CPU
		Release|Any CPU = Release|Any CPU
	EndGlobalSection
	GlobalSection(ProjectConfigurationPlatforms) = postSolution
		{A6E640CE-3141-46C8-960C-6F022E68BF23}.Debug|Any CPU.ActiveCfg = Debug|Any CPU
		{A6E640CE-3141-46C8-960C-6F022E68BF23}.Debug|Any CPU.Build.0 = Debug|Any CPU
		{A6E640CE-3141-46C8-960C-6F022E68BF23}.Release|Any CPU.ActiveCfg = Release|Any CPU
		{A6E640CE-3141-46C8-960C-6F022E68BF23}.Release|Any CPU.Build.0 = Release|Any CPU
	EndGlobalSection
	GlobalSection(SolutionProperties) = preSolution
		HideSolutionNode = FALSE
	EndGlobalSection
	GlobalSection(ExtensibilityGlobals) = postSolution
		SolutionGuid = {0C5DF40A-1C0E-4D74-B82F-FE3539417407}
	EndGlobalSection
EndGlobal
